
Microsoft Visual Studio Solution File, Format Version 12.00
# Visual Studio Version 17
VisualStudioVersion = 17.14.36429.23 d17.14
MinimumVisualStudioVersion = 10.0.40219.1
Project("{54A90642-561A-4BB1-A94E-469ADEE60C69}") = "cloudflare-dns-worker", "cloudflare-dns-worker\cloudflare-dns-worker.esproj", "{87CA4047-0BCA-1AD9-2650-EB8EBAD2A4D7}"
EndProject
Global
	GlobalSection(SolutionConfigurationPlatforms) = preSolution
		Debug|Any CPU = Debug|Any CPU
		Release|Any CPU = Release|Any CPU
	EndGlobalSection
	GlobalSection(ProjectConfigurationPlatforms) = postSolution
		{87CA4047-0BCA-1AD9-2650-EB8EBAD2A4D7}.Debug|Any CPU.ActiveCfg = Debug|Any CPU
		{87CA4047-0BCA-1AD9-2650-EB8EBAD2A4D7}.Debug|Any CPU.Build.0 = Debug|Any CPU
		{87CA4047-0BCA-1AD9-2650-EB8EBAD2A4D7}.Debug|Any CPU.Deploy.0 = Debug|Any CPU
		{87CA4047-0BCA-1AD9-2650-EB8EBAD2A4D7}.Release|Any CPU.ActiveCfg = Release|Any CPU
		{87CA4047-0BCA-1AD9-2650-EB8EBAD2A4D7}.Release|Any CPU.Build.0 = Release|Any CPU
		{87CA4047-0BCA-1AD9-2650-EB8EBAD2A4D7}.Release|Any CPU.Deploy.0 = Release|Any CPU
	EndGlobalSection
	GlobalSection(SolutionProperties) = preSolution
		HideSolutionNode = FALSE
	EndGlobalSection
	GlobalSection(ExtensibilityGlobals) = postSolution
		SolutionGuid = {685A6335-6538-4DA6-9058-C52236862441}
	EndGlobalSection
EndGlobal
